// !$*UTF8*$!
{
	archiveVersion = 1;
	classes = {
	};
	objectVersion = 46;
	objects = {

/* Begin PBXCopyFilesBuildPhase section */
		4B586A941DC0B565009A6C1E /* CopyFiles */ = {
			isa = PBXCopyFilesBuildPhase;
			buildActionMask = 2147483647;
			dstPath = /usr/share/man/man1/;
			dstSubfolderSpec = 0;
			files = (
			);
			runOnlyForDeploymentPostprocessing = 1;
		};
/* End PBXCopyFilesBuildPhase section */

/* Begin PBXFileReference section */
		4B586A961DC0B565009A6C1E /* chapter 13 */ = {isa = PBXFileReference; explicitFileType = "compiled.mach-o.executable"; includeInIndex = 0; path = "chapter 13"; sourceTree = BUILT_PRODUCTS_DIR; };
		4BA88F641DC2F44B00A7E5ED /* 1.cpp */ = {isa = PBXFileReference; fileEncoding = 4; lastKnownFileType = sourcecode.cpp.cpp; path = 1.cpp; sourceTree = "<group>"; };
		4BA88F661DC2F53A00A7E5ED /* Date.cpp */ = {isa = PBXFileReference; fileEncoding = 4; lastKnownFileType = sourcecode.cpp.cpp; path = Date.cpp; sourceTree = "<group>"; };
		4BA88F681DC311E400A7E5ED /* 2.cpp */ = {isa = PBXFileReference; fileEncoding = 4; lastKnownFileType = sourcecode.cpp.cpp; path = 2.cpp; sourceTree = "<group>"; };
		4BA88F6A1DC311FD00A7E5ED /* Employee.cpp */ = {isa = PBXFileReference; fileEncoding = 4; lastKnownFileType = sourcecode.cpp.cpp; path = Employee.cpp; sourceTree = "<group>"; };
		4BA88F6B1DC311FD00A7E5ED /* Employee.hpp */ = {isa = PBXFileReference; fileEncoding = 4; lastKnownFileType = sourcecode.cpp.h; path = Employee.hpp; sourceTree = "<group>"; };
		4BDB750A1DC4F6FD0054893E /* 3.cpp */ = {isa = PBXFileReference; fileEncoding = 4; lastKnownFileType = sourcecode.cpp.cpp; path = 3.cpp; sourceTree = "<group>"; };
		4BDB750C1DC4F7040054893E /* Car.cpp */ = {isa = PBXFileReference; fileEncoding = 4; lastKnownFileType = sourcecode.cpp.cpp; path = Car.cpp; sourceTree = "<group>"; };
		4BDB750D1DC4F7040054893E /* Car.hpp */ = {isa = PBXFileReference; fileEncoding = 4; lastKnownFileType = sourcecode.cpp.h; path = Car.hpp; sourceTree = "<group>"; };
		4BDB75111DC5B2000054893E /* 4.cpp */ = {isa = PBXFileReference; fileEncoding = 4; lastKnownFileType = sourcecode.cpp.cpp; path = 4.cpp; sourceTree = "<group>"; };
		4BDB75131DC5B20C0054893E /* PersonalInfo.cpp */ = {isa = PBXFileReference; fileEncoding = 4; lastKnownFileType = sourcecode.cpp.cpp; path = PersonalInfo.cpp; sourceTree = "<group>"; };
		4BDB75141DC5B20C0054893E /* PersonalInfo.hpp */ = {isa = PBXFileReference; fileEncoding = 4; lastKnownFileType = sourcecode.cpp.h; path = PersonalInfo.hpp; sourceTree = "<group>"; };
		4BDB75161DC5B86A0054893E /* 5.cpp */ = {isa = PBXFileReference; fileEncoding = 4; lastKnownFileType = sourcecode.cpp.cpp; path = 5.cpp; sourceTree = "<group>"; };
		4BDB75181DC5B8730054893E /* RetailItem.cpp */ = {isa = PBXFileReference; fileEncoding = 4; lastKnownFileType = sourcecode.cpp.cpp; path = RetailItem.cpp; sourceTree = "<group>"; };
		4BDB75191DC5B8730054893E /* RetailItem.hpp */ = {isa = PBXFileReference; fileEncoding = 4; lastKnownFileType = sourcecode.cpp.h; path = RetailItem.hpp; sourceTree = "<group>"; };
/* End PBXFileReference section */

/* Begin PBXFrameworksBuildPhase section */
		4B586A931DC0B565009A6C1E /* Frameworks */ = {
			isa = PBXFrameworksBuildPhase;
			buildActionMask = 2147483647;
			files = (
			);
			runOnlyForDeploymentPostprocessing = 0;
		};
/* End PBXFrameworksBuildPhase section */

/* Begin PBXGroup section */
		4B586A8D1DC0B565009A6C1E = {
			isa = PBXGroup;
			children = (
				4B586A981DC0B565009A6C1E /* chapter 13 */,
				4B586A971DC0B565009A6C1E /* Products */,
			);
			sourceTree = "<group>";
		};
		4B586A971DC0B565009A6C1E /* Products */ = {
			isa = PBXGroup;
			children = (
				4B586A961DC0B565009A6C1E /* chapter 13 */,
			);
			name = Products;
			sourceTree = "<group>";
		};
		4B586A981DC0B565009A6C1E /* chapter 13 */ = {
			isa = PBXGroup;
			children = (
				4BA88F641DC2F44B00A7E5ED /* 1.cpp */,
				4BA88F661DC2F53A00A7E5ED /* Date.cpp */,
				4BA88F681DC311E400A7E5ED /* 2.cpp */,
				4BA88F6A1DC311FD00A7E5ED /* Employee.cpp */,
				4BA88F6B1DC311FD00A7E5ED /* Employee.hpp */,
				4BDB750A1DC4F6FD0054893E /* 3.cpp */,
				4BDB750C1DC4F7040054893E /* Car.cpp */,
				4BDB750D1DC4F7040054893E /* Car.hpp */,
				4BDB75111DC5B2000054893E /* 4.cpp */,
				4BDB75131DC5B20C0054893E /* PersonalInfo.cpp */,
				4BDB75141DC5B20C0054893E /* PersonalInfo.hpp */,
				4BDB75161DC5B86A0054893E /* 5.cpp */,
				4BDB75181DC5B8730054893E /* RetailItem.cpp */,
				4BDB75191DC5B8730054893E /* RetailItem.hpp */,
			);
			path = "chapter 13";
			sourceTree = "<group>";
		};
/* End PBXGroup section */

/* Begin PBXNativeTarget section */
		4B586A951DC0B565009A6C1E /* chapter 13 */ = {
			isa = PBXNativeTarget;
			buildConfigurationList = 4B586A9D1DC0B565009A6C1E /* Build configuration list for PBXNativeTarget "chapter 13" */;
			buildPhases = (
				4B586A921DC0B565009A6C1E /* Sources */,
				4B586A931DC0B565009A6C1E /* Frameworks */,
				4B586A941DC0B565009A6C1E /* CopyFiles */,
			);
			buildRules = (
			);
			dependencies = (
			);
			name = "chapter 13";
			productName = "chapter 13";
			productReference = 4B586A961DC0B565009A6C1E /* chapter 13 */;
			productType = "com.apple.product-type.tool";
		};
/* End PBXNativeTarget section */

/* Begin PBXProject section */
		4B586A8E1DC0B565009A6C1E /* Project object */ = {
			isa = PBXProject;
			attributes = {
				LastUpgradeCheck = 0730;
				ORGANIZATIONNAME = "Mirna Sumopawiro";
				TargetAttributes = {
					4B586A951DC0B565009A6C1E = {
						CreatedOnToolsVersion = 7.3.1;
					};
				};
			};
			buildConfigurationList = 4B586A911DC0B565009A6C1E /* Build configuration list for PBXProject "chapter 13" */;
			compatibilityVersion = "Xcode 3.2";
			developmentRegion = English;
			hasScannedForEncodings = 0;
			knownRegions = (
				en,
			);
			mainGroup = 4B586A8D1DC0B565009A6C1E;
			productRefGroup = 4B586A971DC0B565009A6C1E /* Products */;
			projectDirPath = "";
			projectRoot = "";
			targets = (
				4B586A951DC0B565009A6C1E /* chapter 13 */,
			);
		};
/* End PBXProject section */

/* Begin PBXSourcesBuildPhase section */
		4B586A921DC0B565009A6C1E /* Sources */ = {
			isa = PBXSourcesBuildPhase;
			buildActionMask = 2147483647;
			files = (
			);
			runOnlyForDeploymentPostprocessing = 0;
		};
/* End PBXSourcesBuildPhase section */

/* Begin XCBuildConfiguration section */
		4B586A9B1DC0B565009A6C1E /* Debug */ = {
			isa = XCBuildConfiguration;
			buildSettings = {
				ALWAYS_SEARCH_USER_PATHS = NO;
				CLANG_ANALYZER_NONNULL = YES;
				CLANG_CXX_LANGUAGE_STANDARD = "gnu++0x";
				CLANG_CXX_LIBRARY = "libc++";
				CLANG_ENABLE_MODULES = YES;
				CLANG_ENABLE_OBJC_ARC = YES;
				CLANG_WARN_BOOL_CONVERSION = YES;
				CLANG_WARN_CONSTANT_CONVERSION = YES;
				CLANG_WARN_DIRECT_OBJC_ISA_USAGE = YES_ERROR;
				CLANG_WARN_EMPTY_BODY = YES;
				CLANG_WARN_ENUM_CONVERSION = YES;
				CLANG_WARN_INT_CONVERSION = YES;
				CLANG_WARN_OBJC_ROOT_CLASS = YES_ERROR;
				CLANG_WARN_UNREACHABLE_CODE = YES;
				CLANG_WARN__DUPLICATE_METHOD_MATCH = YES;
				CODE_SIGN_IDENTITY = "-";
				COPY_PHASE_STRIP = NO;
				DEBUG_INFORMATION_FORMAT = dwarf;
				ENABLE_STRICT_OBJC_MSGSEND = YES;
				ENABLE_TESTABILITY = YES;
				GCC_C_LANGUAGE_STANDARD = gnu99;
				GCC_DYNAMIC_NO_PIC = NO;
				GCC_NO_COMMON_BLOCKS = YES;
				GCC_OPTIMIZATION_LEVEL = 0;
				GCC_PREPROCESSOR_DEFINITIONS = (
					"DEBUG=1",
					"$(inherited)",
				);
				GCC_WARN_64_TO_32_BIT_CONVERSION = YES;
				GCC_WARN_ABOUT_RETURN_TYPE = YES_ERROR;
				GCC_WARN_UNDECLARED_SELECTOR = YES;
				GCC_WARN_UNINITIALIZED_AUTOS = YES_AGGRESSIVE;
				GCC_WARN_UNUSED_FUNCTION = YES;
				GCC_WARN_UNUSED_VARIABLE = YES;
				MACOSX_DEPLOYMENT_TARGET = 10.11;
				MTL_ENABLE_DEBUG_INFO = YES;
				ONLY_ACTIVE_ARCH = YES;
				SDKROOT = macosx;
			};
			name = Debug;
		};
		4B586A9C1DC0B565009A6C1E /* Release */ = {
			isa = XCBuildConfiguration;
			buildSettings = {
				ALWAYS_SEARCH_USER_PATHS = NO;
				CLANG_ANALYZER_NONNULL = YES;
				CLANG_CXX_LANGUAGE_STANDARD = "gnu++0x";
				CLANG_CXX_LIBRARY = "libc++";
				CLANG_ENABLE_MODULES = YES;
				CLANG_ENABLE_OBJC_ARC = YES;
				CLANG_WARN_BOOL_CONVERSION = YES;
				CLANG_WARN_CONSTANT_CONVERSION = YES;
				CLANG_WARN_DIRECT_OBJC_ISA_USAGE = YES_ERROR;
				CLANG_WARN_EMPTY_BODY = YES;
				CLANG_WARN_ENUM_CONVERSION = YES;
				CLANG_WARN_INT_CONVERSION = YES;
				CLANG_WARN_OBJC_ROOT_CLASS = YES_ERROR;
				CLANG_WARN_UNREACHABLE_CODE = YES;
				CLANG_WARN__DUPLICATE_METHOD_MATCH = YES;
				CODE_SIGN_IDENTITY = "-";
				COPY_PHASE_STRIP = NO;
				DEBUG_INFORMATION_FORMAT = "dwarf-with-dsym";
				ENABLE_NS_ASSERTIONS = NO;
				ENABLE_STRICT_OBJC_MSGSEND = YES;
				GCC_C_LANGUAGE_STANDARD = gnu99;
				GCC_NO_COMMON_BLOCKS = YES;
				GCC_WARN_64_TO_32_BIT_CONVERSION = YES;
				GCC_WARN_ABOUT_RETURN_TYPE = YES_ERROR;
				GCC_WARN_UNDECLARED_SELECTOR = YES;
				GCC_WARN_UNINITIALIZED_AUTOS = YES_AGGRESSIVE;
				GCC_WARN_UNUSED_FUNCTION = YES;
				GCC_WARN_UNUSED_VARIABLE = YES;
				MACOSX_DEPLOYMENT_TARGET = 10.11;
				MTL_ENABLE_DEBUG_INFO = NO;
				SDKROOT = macosx;
			};
			name = Release;
		};
		4B586A9E1DC0B565009A6C1E /* Debug */ = {
			isa = XCBuildConfiguration;
			buildSettings = {
				PRODUCT_NAME = "$(TARGET_NAME)";
			};
			name = Debug;
		};
		4B586A9F1DC0B565009A6C1E /* Release */ = {
			isa = XCBuildConfiguration;
			buildSettings = {
				PRODUCT_NAME = "$(TARGET_NAME)";
			};
			name = Release;
		};
/* End XCBuildConfiguration section */

/* Begin XCConfigurationList section */
		4B586A911DC0B565009A6C1E /* Build configuration list for PBXProject "chapter 13" */ = {
			isa = XCConfigurationList;
			buildConfigurations = (
				4B586A9B1DC0B565009A6C1E /* Debug */,
				4B586A9C1DC0B565009A6C1E /* Release */,
			);
			defaultConfigurationIsVisible = 0;
			defaultConfigurationName = Release;
		};
		4B586A9D1DC0B565009A6C1E /* Build configuration list for PBXNativeTarget "chapter 13" */ = {
			isa = XCConfigurationList;
			buildConfigurations = (
				4B586A9E1DC0B565009A6C1E /* Debug */,
				4B586A9F1DC0B565009A6C1E /* Release */,
			);
			defaultConfigurationIsVisible = 0;
			defaultConfigurationName = Release;
		};
/* End XCConfigurationList section */
	};
	rootObject = 4B586A8E1DC0B565009A6C1E /* Project object */;
}
